{"version":4,"terraform_version":"1.12.3","serial":2,"lineage":"639da945-100f-5a50-5f7d-7279c6024df2","outputs":{},"resources":[{"mode":"managed","type":"github_branch_protection","name":"main","provider":"provider[\"registry.opentofu.org/integrations/github\"]","instances":[{"schema_version":2,"attributes":{"allows_deletions":false,"allows_force_pushes":false,"enforce_admins":false,"force_push_bypassers":null,"id":"BPR_kwDOSTZAbM4EtTtp","lock_branch":false,"pattern":"main","repository_id":"R_kgDOSTZAbA","require_conversation_resolution":false,"require_signed_commits":false,"required_linear_history":true,"required_pull_request_reviews":[{"dismiss_stale_reviews":true,"dismissal_restrictions":null,"pull_request_bypassers":null,"require_code_owner_reviews":false,"require_last_push_approval":false,"required_approving_review_count":0,"restrict_dismissals":false}],"required_status_checks":[],"restrict_pushes":[]},"sensitive_attributes":[],"private":"eyJzY2hlbWFfdmVyc2lvbiI6IjIifQ==","dependencies":["github_repository.k8s_homelab"]}]},{"mode":"managed","type":"github_repository","name":"k8s_homelab","provider":"provider[\"registry.opentofu.org/integrations/github\"]","instances":[{"schema_version":1,"attributes":{"allow_auto_merge":false,"allow_forking":true,"allow_merge_commit":false,"allow_rebase_merge":true,"allow_squash_merge":true,"allow_update_branch":false,"archive_on_destroy":null,"archived":false,"auto_init":false,"default_branch":"main","delete_branch_on_merge":true,"description":"Experiments in running Kubernetes on home compute — one folder per approach","etag":"W/\"cf4675125a86867ab49432f51949ccf61b709d63ca20ee9e7d7623b995cd10e0\"","fork":"false","full_name":"ClaudeKittens/k8s-homelab","git_clone_url":"git://github.com/ClaudeKittens/k8s-homelab.git","gitignore_template":null,"has_discussions":false,"has_downloads":false,"has_issues":true,"has_projects":false,"has_wiki":false,"homepage_url":"","html_url":"https://github.com/ClaudeKittens/k8s-homelab","http_clone_url":"https://github.com/ClaudeKittens/k8s-homelab.git","id":"k8s-homelab","ignore_vulnerability_alerts_during_read":false,"is_template":false,"license_template":null,"merge_commit_message":"PR_TITLE","merge_commit_title":"MERGE_MESSAGE","name":"k8s-homelab","node_id":"R_kgDOSTZAbA","pages":[],"primary_language":"HCL","private":false,"repo_id":1228292204,"security_and_analysis":[{"advanced_security":[],"code_security":[],"secret_scanning":[{"status":"disabled"}],"secret_scanning_ai_detection":[],"secret_scanning_non_provider_patterns":[],"secret_scanning_push_protection":[{"status":"disabled"}]}],"source_owner":"","source_repo":"","squash_merge_commit_message":"PR_BODY","squash_merge_commit_title":"PR_TITLE","ssh_clone_url":"git@github.com:ClaudeKittens/k8s-homelab.git","svn_url":"https://github.com/ClaudeKittens/k8s-homelab","template":[],"topics":[],"visibility":"public","vulnerability_alerts":true,"web_commit_signoff_required":false},"sensitive_attributes":[],"private":"eyJzY2hlbWFfdmVyc2lvbiI6IjEifQ=="}]}],"check_results":null}
