{"version":4,"terraform_version":"1.12.3","serial":1,"lineage":"639da945-100f-5a50-5f7d-7279c6024df2","outputs":{},"resources":[{"mode":"managed","type":"github_repository","name":"k8s_homelab","provider":"provider[\"registry.opentofu.org/integrations/github\"]","instances":[{"schema_version":1,"attributes":{"allow_auto_merge":false,"allow_forking":false,"allow_merge_commit":true,"allow_rebase_merge":true,"allow_squash_merge":true,"allow_update_branch":false,"archive_on_destroy":null,"archived":false,"auto_init":false,"default_branch":"main","delete_branch_on_merge":false,"description":"Trying out Claude's suggestions for running a local k8s cluster","etag":"W/\"7bbdb8d2bca073b591a5a13267dbb0726e5d4dc240ebb3c5708baa470ea50cdd\"","fork":"false","full_name":"ClaudeKittens/k8s-homelab","git_clone_url":"git://github.com/ClaudeKittens/k8s-homelab.git","gitignore_template":null,"has_discussions":false,"has_downloads":true,"has_issues":true,"has_projects":true,"has_wiki":false,"homepage_url":"","html_url":"https://github.com/ClaudeKittens/k8s-homelab","http_clone_url":"https://github.com/ClaudeKittens/k8s-homelab.git","id":"k8s-homelab","ignore_vulnerability_alerts_during_read":null,"is_template":false,"license_template":null,"merge_commit_message":"PR_TITLE","merge_commit_title":"MERGE_MESSAGE","name":"k8s-homelab","node_id":"R_kgDOSTZAbA","pages":[],"primary_language":"HCL","private":true,"repo_id":1228292204,"security_and_analysis":[],"source_owner":"","source_repo":"","squash_merge_commit_message":"COMMIT_MESSAGES","squash_merge_commit_title":"COMMIT_OR_PR_TITLE","ssh_clone_url":"git@github.com:ClaudeKittens/k8s-homelab.git","svn_url":"https://github.com/ClaudeKittens/k8s-homelab","template":[],"topics":[],"visibility":"private","vulnerability_alerts":null,"web_commit_signoff_required":false},"sensitive_attributes":[],"private":"eyJzY2hlbWFfdmVyc2lvbiI6IjEifQ=="}]}],"check_results":null}
